// !$*UTF8*$!
{
	archiveVersion = 1;
	classes = {
	};
	objectVersion = 50;
	objects = {

/* Begin PBXBuildFile section */
		49E589436D7C7F1F2FFA4285 /* Pods_RealmToDo.framework in Frameworks */ = {isa = PBXBuildFile; fileRef = 98A2C782213B004ECF67CB99 /* Pods_RealmToDo.framework */; };
		BEBA399B20A4BC7500E2D0CA /* AppDelegate.swift in Sources */ = {isa = PBXBuildFile; fileRef = BEBA399A20A4BC7500E2D0CA /* AppDelegate.swift */; };
		BEBA39A220A4BC7800E2D0CA /* Assets.xcassets in Resources */ = {isa = PBXBuildFile; fileRef = BEBA39A120A4BC7800E2D0CA /* Assets.xcassets */; };
		BEBA39A520A4BC7800E2D0CA /* LaunchScreen.storyboard in Resources */ = {isa = PBXBuildFile; fileRef = BEBA39A320A4BC7800E2D0CA /* LaunchScreen.storyboard */; };
		BEBA39B120A4CC8A00E2D0CA /* TasksViewController.swift in Sources */ = {isa = PBXBuildFile; fileRef = BEBA39B020A4CC8A00E2D0CA /* TasksViewController.swift */; };
		BEBA39B320A4CCC000E2D0CA /* TaskListsViewController.swift in Sources */ = {isa = PBXBuildFile; fileRef = BEBA39B220A4CCC000E2D0CA /* TaskListsViewController.swift */; };
		BEBA39B820A4CDCD00E2D0CA /* Main.storyboard in Resources */ = {isa = PBXBuildFile; fileRef = BEBA39B620A4CDCD00E2D0CA /* Main.storyboard */; };
		BEBA39BC20A4CDF500E2D0CA /* Task.swift in Sources */ = {isa = PBXBuildFile; fileRef = BEBA39BA20A4CDF400E2D0CA /* Task.swift */; };
		BEBA39BD20A4CDF500E2D0CA /* TaskList.swift in Sources */ = {isa = PBXBuildFile; fileRef = BEBA39BB20A4CDF500E2D0CA /* TaskList.swift */; };
/* End PBXBuildFile section */

/* Begin PBXFileReference section */
		98A2C782213B004ECF67CB99 /* Pods_RealmToDo.framework */ = {isa = PBXFileReference; explicitFileType = wrapper.framework; includeInIndex = 0; path = Pods_RealmToDo.framework; sourceTree = BUILT_PRODUCTS_DIR; };
		B7BE4866019F152EE4F8FC27 /* Pods-RealmToDo.debug.xcconfig */ = {isa = PBXFileReference; includeInIndex = 1; lastKnownFileType = text.xcconfig; name = "Pods-RealmToDo.debug.xcconfig"; path = "Pods/Target Support Files/Pods-RealmToDo/Pods-RealmToDo.debug.xcconfig"; sourceTree = "<group>"; };
		BEBA399720A4BC7500E2D0CA /* RealmToDo.app */ = {isa = PBXFileReference; explicitFileType = wrapper.application; includeInIndex = 0; path = RealmToDo.app; sourceTree = BUILT_PRODUCTS_DIR; };
		BEBA399A20A4BC7500E2D0CA /* AppDelegate.swift */ = {isa = PBXFileReference; lastKnownFileType = sourcecode.swift; path = AppDelegate.swift; sourceTree = "<group>"; };
		BEBA39A120A4BC7800E2D0CA /* Assets.xcassets */ = {isa = PBXFileReference; lastKnownFileType = folder.assetcatalog; path = Assets.xcassets; sourceTree = "<group>"; };
		BEBA39A420A4BC7800E2D0CA /* Base */ = {isa = PBXFileReference; lastKnownFileType = file.storyboard; name = Base; path = Base.lproj/LaunchScreen.storyboard; sourceTree = "<group>"; };
		BEBA39A620A4BC7800E2D0CA /* Info.plist */ = {isa = PBXFileReference; lastKnownFileType = text.plist.xml; path = Info.plist; sourceTree = "<group>"; };
		BEBA39B020A4CC8A00E2D0CA /* TasksViewController.swift */ = {isa = PBXFileReference; fileEncoding = 4; lastKnownFileType = sourcecode.swift; path = TasksViewController.swift; sourceTree = "<group>"; };
		BEBA39B220A4CCC000E2D0CA /* TaskListsViewController.swift */ = {isa = PBXFileReference; fileEncoding = 4; lastKnownFileType = sourcecode.swift; path = TaskListsViewController.swift; sourceTree = "<group>"; };
		BEBA39B720A4CDCD00E2D0CA /* Base */ = {isa = PBXFileReference; lastKnownFileType = file.storyboard; name = Base; path = Base.lproj/Main.storyboard; sourceTree = "<group>"; };
		BEBA39BA20A4CDF400E2D0CA /* Task.swift */ = {isa = PBXFileReference; fileEncoding = 4; lastKnownFileType = sourcecode.swift; path = Task.swift; sourceTree = "<group>"; };
		BEBA39BB20A4CDF500E2D0CA /* TaskList.swift */ = {isa = PBXFileReference; fileEncoding = 4; lastKnownFileType = sourcecode.swift; path = TaskList.swift; sourceTree = "<group>"; };
		C201688D3CCABCD2D8F16E32 /* Pods-RealmToDo.release.xcconfig */ = {isa = PBXFileReference; includeInIndex = 1; lastKnownFileType = text.xcconfig; name = "Pods-RealmToDo.release.xcconfig"; path = "Pods/Target Support Files/Pods-RealmToDo/Pods-RealmToDo.release.xcconfig"; sourceTree = "<group>"; };
/* End PBXFileReference section */

/* Begin PBXFrameworksBuildPhase section */
		BEBA399420A4BC7500E2D0CA /* Frameworks */ = {
			isa = PBXFrameworksBuildPhase;
			buildActionMask = 2147483647;
			files = (
				49E589436D7C7F1F2FFA4285 /* Pods_RealmToDo.framework in Frameworks */,
			);
			runOnlyForDeploymentPostprocessing = 0;
		};
/* End PBXFrameworksBuildPhase section */

/* Begin PBXGroup section */
		8BF25034A58E3E53F867DCF5 /* Frameworks */ = {
			isa = PBXGroup;
			children = (
				98A2C782213B004ECF67CB99 /* Pods_RealmToDo.framework */,
			);
			name = Frameworks;
			sourceTree = "<group>";
		};
		BEBA398E20A4BC7500E2D0CA = {
			isa = PBXGroup;
			children = (
				BEBA399920A4BC7500E2D0CA /* RealmToDo */,
				BEBA399820A4BC7500E2D0CA /* Products */,
				CB83E11E1D47696DB5180FF0 /* Pods */,
				8BF25034A58E3E53F867DCF5 /* Frameworks */,
			);
			sourceTree = "<group>";
		};
		BEBA399820A4BC7500E2D0CA /* Products */ = {
			isa = PBXGroup;
			children = (
				BEBA399720A4BC7500E2D0CA /* RealmToDo.app */,
			);
			name = Products;
			sourceTree = "<group>";
		};
		BEBA399920A4BC7500E2D0CA /* RealmToDo */ = {
			isa = PBXGroup;
			children = (
				BEBA39B920A4CDE400E2D0CA /* Models */,
				BEBA399A20A4BC7500E2D0CA /* AppDelegate.swift */,
				BEBA39B220A4CCC000E2D0CA /* TaskListsViewController.swift */,
				BEBA39B020A4CC8A00E2D0CA /* TasksViewController.swift */,
				BEBA39A120A4BC7800E2D0CA /* Assets.xcassets */,
				BEBA39B620A4CDCD00E2D0CA /* Main.storyboard */,
				BEBA39A320A4BC7800E2D0CA /* LaunchScreen.storyboard */,
				BEBA39A620A4BC7800E2D0CA /* Info.plist */,
			);
			path = RealmToDo;
			sourceTree = "<group>";
		};
		BEBA39B920A4CDE400E2D0CA /* Models */ = {
			isa = PBXGroup;
			children = (
				BEBA39BA20A4CDF400E2D0CA /* Task.swift */,
				BEBA39BB20A4CDF500E2D0CA /* TaskList.swift */,
			);
			path = Models;
			sourceTree = "<group>";
		};
		CB83E11E1D47696DB5180FF0 /* Pods */ = {
			isa = PBXGroup;
			children = (
				B7BE4866019F152EE4F8FC27 /* Pods-RealmToDo.debug.xcconfig */,
				C201688D3CCABCD2D8F16E32 /* Pods-RealmToDo.release.xcconfig */,
			);
			name = Pods;
			sourceTree = "<group>";
		};
/* End PBXGroup section */

/* Begin PBXNativeTarget section */
		BEBA399620A4BC7500E2D0CA /* RealmToDo */ = {
			isa = PBXNativeTarget;
			buildConfigurationList = BEBA39A920A4BC7800E2D0CA /* Build configuration list for PBXNativeTarget "RealmToDo" */;
			buildPhases = (
				323C8472399FAA4A1ABF2A16 /* [CP] Check Pods Manifest.lock */,
				BEBA399320A4BC7500E2D0CA /* Sources */,
				BEBA399420A4BC7500E2D0CA /* Frameworks */,
				BEBA399520A4BC7500E2D0CA /* Resources */,
				97391BE8641602EAAB7C701A /* [CP] Embed Pods Frameworks */,
			);
			buildRules = (
			);
			dependencies = (
			);
			name = RealmToDo;
			productName = RealmToDo;
			productReference = BEBA399720A4BC7500E2D0CA /* RealmToDo.app */;
			productType = "com.apple.product-type.application";
		};
/* End PBXNativeTarget section */

/* Begin PBXProject section */
		BEBA398F20A4BC7500E2D0CA /* Project object */ = {
			isa = PBXProject;
			attributes = {
				LastSwiftUpdateCheck = 0930;
				LastUpgradeCheck = 0930;
				ORGANIZATIONNAME = "Anuradha Sharma";
				TargetAttributes = {
					BEBA399620A4BC7500E2D0CA = {
						CreatedOnToolsVersion = 9.3;
					};
				};
			};
			buildConfigurationList = BEBA399220A4BC7500E2D0CA /* Build configuration list for PBXProject "RealmToDo" */;
			compatibilityVersion = "Xcode 9.3";
			developmentRegion = en;
			hasScannedForEncodings = 0;
			knownRegions = (
				en,
				Base,
			);
			mainGroup = BEBA398E20A4BC7500E2D0CA;
			productRefGroup = BEBA399820A4BC7500E2D0CA /* Products */;
			projectDirPath = "";
			projectRoot = "";
			targets = (
				BEBA399620A4BC7500E2D0CA /* RealmToDo */,
			);
		};
/* End PBXProject section */

/* Begin PBXResourcesBuildPhase section */
		BEBA399520A4BC7500E2D0CA /* Resources */ = {
			isa = PBXResourcesBuildPhase;
			buildActionMask = 2147483647;
			files = (
				BEBA39B820A4CDCD00E2D0CA /* Main.storyboard in Resources */,
				BEBA39A520A4BC7800E2D0CA /* LaunchScreen.storyboard in Resources */,
				BEBA39A220A4BC7800E2D0CA /* Assets.xcassets in Resources */,
			);
			runOnlyForDeploymentPostprocessing = 0;
		};
/* End PBXResourcesBuildPhase section */

/* Begin PBXShellScriptBuildPhase section */
		323C8472399FAA4A1ABF2A16 /* [CP] Check Pods Manifest.lock */ = {
			isa = PBXShellScriptBuildPhase;
			buildActionMask = 2147483647;
			files = (
			);
			inputPaths = (
				"${PODS_PODFILE_DIR_PATH}/Podfile.lock",
				"${PODS_ROOT}/Manifest.lock",
			);
			name = "[CP] Check Pods Manifest.lock";
			outputPaths = (
				"$(DERIVED_FILE_DIR)/Pods-RealmToDo-checkManifestLockResult.txt",
			);
			runOnlyForDeploymentPostprocessing = 0;
			shellPath = /bin/sh;
			shellScript = "diff \"${PODS_PODFILE_DIR_PATH}/Podfile.lock\" \"${PODS_ROOT}/Manifest.lock\" > /dev/null\nif [ $? != 0 ] ; then\n    # print error to STDERR\n    echo \"error: The sandbox is not in sync with the Podfile.lock. Run 'pod install' or update your CocoaPods installation.\" >&2\n    exit 1\nfi\n# This output is used by Xcode 'outputs' to avoid re-running this script phase.\necho \"SUCCESS\" > \"${SCRIPT_OUTPUT_FILE_0}\"\n";
			showEnvVarsInLog = 0;
		};
		97391BE8641602EAAB7C701A /* [CP] Embed Pods Frameworks */ = {
			isa = PBXShellScriptBuildPhase;
			buildActionMask = 2147483647;
			files = (
			);
			inputPaths = (
				"${SRCROOT}/Pods/Target Support Files/Pods-RealmToDo/Pods-RealmToDo-frameworks.sh",
				"${BUILT_PRODUCTS_DIR}/Realm/Realm.framework",
				"${BUILT_PRODUCTS_DIR}/RealmSwift/RealmSwift.framework",
			);
			name = "[CP] Embed Pods Frameworks";
			outputPaths = (
				"${TARGET_BUILD_DIR}/${FRAMEWORKS_FOLDER_PATH}/Realm.framework",
				"${TARGET_BUILD_DIR}/${FRAMEWORKS_FOLDER_PATH}/RealmSwift.framework",
			);
			runOnlyForDeploymentPostprocessing = 0;
			shellPath = /bin/sh;
			shellScript = "\"${SRCROOT}/Pods/Target Support Files/Pods-RealmToDo/Pods-RealmToDo-frameworks.sh\"\n";
			showEnvVarsInLog = 0;
		};
/* End PBXShellScriptBuildPhase section */

/* Begin PBXSourcesBuildPhase section */
		BEBA399320A4BC7500E2D0CA /* Sources */ = {
			isa = PBXSourcesBuildPhase;
			buildActionMask = 2147483647;
			files = (
				BEBA39BC20A4CDF500E2D0CA /* Task.swift in Sources */,
				BEBA39BD20A4CDF500E2D0CA /* TaskList.swift in Sources */,
				BEBA399B20A4BC7500E2D0CA /* AppDelegate.swift in Sources */,
				BEBA39B120A4CC8A00E2D0CA /* TasksViewController.swift in Sources */,
				BEBA39B320A4CCC000E2D0CA /* TaskListsViewController.swift in Sources */,
			);
			runOnlyForDeploymentPostprocessing = 0;
		};
/* End PBXSourcesBuildPhase section */

/* Begin PBXVariantGroup section */
		BEBA39A320A4BC7800E2D0CA /* LaunchScreen.storyboard */ = {
			isa = PBXVariantGroup;
			children = (
				BEBA39A420A4BC7800E2D0CA /* Base */,
			);
			name = LaunchScreen.storyboard;
			sourceTree = "<group>";
		};
		BEBA39B620A4CDCD00E2D0CA /* Main.storyboard */ = {
			isa = PBXVariantGroup;
			children = (
				BEBA39B720A4CDCD00E2D0CA /* Base */,
			);
			name = Main.storyboard;
			sourceTree = "<group>";
		};
/* End PBXVariantGroup section */

/* Begin XCBuildConfiguration section */
		BEBA39A720A4BC7800E2D0CA /* Debug */ = {
			isa = XCBuildConfiguration;
			buildSettings = {
				ALWAYS_SEARCH_USER_PATHS = NO;
				CLANG_ANALYZER_NONNULL = YES;
				CLANG_ANALYZER_NUMBER_OBJECT_CONVERSION = YES_AGGRESSIVE;
				CLANG_CXX_LANGUAGE_STANDARD = "gnu++14";
				CLANG_CXX_LIBRARY = "libc++";
				CLANG_ENABLE_MODULES = YES;
				CLANG_ENABLE_OBJC_ARC = YES;
				CLANG_ENABLE_OBJC_WEAK = YES;
				CLANG_WARN_BLOCK_CAPTURE_AUTORELEASING = YES;
				CLANG_WARN_BOOL_CONVERSION = YES;
				CLANG_WARN_COMMA = YES;
				CLANG_WARN_CONSTANT_CONVERSION = YES;
				CLANG_WARN_DEPRECATED_OBJC_IMPLEMENTATIONS = YES;
				CLANG_WARN_DIRECT_OBJC_ISA_USAGE = YES_ERROR;
				CLANG_WARN_DOCUMENTATION_COMMENTS = YES;
				CLANG_WARN_EMPTY_BODY = YES;
				CLANG_WARN_ENUM_CONVERSION = YES;
				CLANG_WARN_INFINITE_RECURSION = YES;
				CLANG_WARN_INT_CONVERSION = YES;
				CLANG_WARN_NON_LITERAL_NULL_CONVERSION = YES;
				CLANG_WARN_OBJC_IMPLICIT_RETAIN_SELF = YES;
				CLANG_WARN_OBJC_LITERAL_CONVERSION = YES;
				CLANG_WARN_OBJC_ROOT_CLASS = YES_ERROR;
				CLANG_WARN_RANGE_LOOP_ANALYSIS = YES;
				CLANG_WARN_STRICT_PROTOTYPES = YES;
				CLANG_WARN_SUSPICIOUS_MOVE = YES;
				CLANG_WARN_UNGUARDED_AVAILABILITY = YES_AGGRESSIVE;
				CLANG_WARN_UNREACHABLE_CODE = YES;
				CLANG_WARN__DUPLICATE_METHOD_MATCH = YES;
				CODE_SIGN_IDENTITY = "iPhone Developer";
				COPY_PHASE_STRIP = NO;
				DEBUG_INFORMATION_FORMAT = dwarf;
				ENABLE_STRICT_OBJC_MSGSEND = YES;
				ENABLE_TESTABILITY = YES;
				GCC_C_LANGUAGE_STANDARD = gnu11;
				GCC_DYNAMIC_NO_PIC = NO;
				GCC_NO_COMMON_BLOCKS = YES;
				GCC_OPTIMIZATION_LEVEL = 0;
				GCC_PREPROCESSOR_DEFINITIONS = (
					"DEBUG=1",
					"$(inherited)",
				);
				GCC_WARN_64_TO_32_BIT_CONVERSION = YES;
				GCC_WARN_ABOUT_RETURN_TYPE = YES_ERROR;
				GCC_WARN_UNDECLARED_SELECTOR = YES;
				GCC_WARN_UNINITIALIZED_AUTOS = YES_AGGRESSIVE;
				GCC_WARN_UNUSED_FUNCTION = YES;
				GCC_WARN_UNUSED_VARIABLE = YES;
				IPHONEOS_DEPLOYMENT_TARGET = 11.3;
				MTL_ENABLE_DEBUG_INFO = YES;
				ONLY_ACTIVE_ARCH = YES;
				SDKROOT = iphoneos;
				SWIFT_ACTIVE_COMPILATION_CONDITIONS = DEBUG;
				SWIFT_OPTIMIZATION_LEVEL = "-Onone";
			};
			name = Debug;
		};
		BEBA39A820A4BC7800E2D0CA /* Release */ = {
			isa = XCBuildConfiguration;
			buildSettings = {
				ALWAYS_SEARCH_USER_PATHS = NO;
				CLANG_ANALYZER_NONNULL = YES;
				CLANG_ANALYZER_NUMBER_OBJECT_CONVERSION = YES_AGGRESSIVE;
				CLANG_CXX_LANGUAGE_STANDARD = "gnu++14";
				CLANG_CXX_LIBRARY = "libc++";
				CLANG_ENABLE_MODULES = YES;
				CLANG_ENABLE_OBJC_ARC = YES;
				CLANG_ENABLE_OBJC_WEAK = YES;
				CLANG_WARN_BLOCK_CAPTURE_AUTORELEASING = YES;
				CLANG_WARN_BOOL_CONVERSION = YES;
				CLANG_WARN_COMMA = YES;
				CLANG_WARN_CONSTANT_CONVERSION = YES;
				CLANG_WARN_DEPRECATED_OBJC_IMPLEMENTATIONS = YES;
				CLANG_WARN_DIRECT_OBJC_ISA_USAGE = YES_ERROR;
				CLANG_WARN_DOCUMENTATION_COMMENTS = YES;
				CLANG_WARN_EMPTY_BODY = YES;
				CLANG_WARN_ENUM_CONVERSION = YES;
				CLANG_WARN_INFINITE_RECURSION = YES;
				CLANG_WARN_INT_CONVERSION = YES;
				CLANG_WARN_NON_LITERAL_NULL_CONVERSION = YES;
				CLANG_WARN_OBJC_IMPLICIT_RETAIN_SELF = YES;
				CLANG_WARN_OBJC_LITERAL_CONVERSION = YES;
				CLANG_WARN_OBJC_ROOT_CLASS = YES_ERROR;
				CLANG_WARN_RANGE_LOOP_ANALYSIS = YES;
				CLANG_WARN_STRICT_PROTOTYPES = YES;
				CLANG_WARN_SUSPICIOUS_MOVE = YES;
				CLANG_WARN_UNGUARDED_AVAILABILITY = YES_AGGRESSIVE;
				CLANG_WARN_UNREACHABLE_CODE = YES;
				CLANG_WARN__DUPLICATE_METHOD_MATCH = YES;
				CODE_SIGN_IDENTITY = "iPhone Developer";
				COPY_PHASE_STRIP = NO;
				DEBUG_INFORMATION_FORMAT = "dwarf-with-dsym";
				ENABLE_NS_ASSERTIONS = NO;
				ENABLE_STRICT_OBJC_MSGSEND = YES;
				GCC_C_LANGUAGE_STANDARD = gnu11;
				GCC_NO_COMMON_BLOCKS = YES;
				GCC_WARN_64_TO_32_BIT_CONVERSION = YES;
				GCC_WARN_ABOUT_RETURN_TYPE = YES_ERROR;
				GCC_WARN_UNDECLARED_SELECTOR = YES;
				GCC_WARN_UNINITIALIZED_AUTOS = YES_AGGRESSIVE;
				GCC_WARN_UNUSED_FUNCTION = YES;
				GCC_WARN_UNUSED_VARIABLE = YES;
				IPHONEOS_DEPLOYMENT_TARGET = 11.3;
				MTL_ENABLE_DEBUG_INFO = NO;
				SDKROOT = iphoneos;
				SWIFT_COMPILATION_MODE = wholemodule;
				SWIFT_OPTIMIZATION_LEVEL = "-O";
				VALIDATE_PRODUCT = YES;
			};
			name = Release;
		};
		BEBA39AA20A4BC7800E2D0CA /* Debug */ = {
			isa = XCBuildConfiguration;
			baseConfigurationReference = B7BE4866019F152EE4F8FC27 /* Pods-RealmToDo.debug.xcconfig */;
			buildSettings = {
				ASSETCATALOG_COMPILER_APPICON_NAME = AppIcon;
				CODE_SIGN_STYLE = Manual;
				DEVELOPMENT_TEAM = "";
				INFOPLIST_FILE = RealmToDo/Info.plist;
				LD_RUNPATH_SEARCH_PATHS = (
					"$(inherited)",
					"@executable_path/Frameworks",
				);
				PRODUCT_BUNDLE_IDENTIFIER = com.softprodigy.RealmToDo;
				PRODUCT_NAME = "$(TARGET_NAME)";
				PROVISIONING_PROFILE_SPECIFIER = "";
				SWIFT_VERSION = 4.0;
				TARGETED_DEVICE_FAMILY = "1,2";
			};
			name = Debug;
		};
		BEBA39AB20A4BC7800E2D0CA /* Release */ = {
			isa = XCBuildConfiguration;
			baseConfigurationReference = C201688D3CCABCD2D8F16E32 /* Pods-RealmToDo.release.xcconfig */;
			buildSettings = {
				ASSETCATALOG_COMPILER_APPICON_NAME = AppIcon;
				CODE_SIGN_STYLE = Manual;
				DEVELOPMENT_TEAM = "";
				INFOPLIST_FILE = RealmToDo/Info.plist;
				LD_RUNPATH_SEARCH_PATHS = (
					"$(inherited)",
					"@executable_path/Frameworks",
				);
				PRODUCT_BUNDLE_IDENTIFIER = com.softprodigy.RealmToDo;
				PRODUCT_NAME = "$(TARGET_NAME)";
				PROVISIONING_PROFILE_SPECIFIER = "";
				SWIFT_VERSION = 4.0;
				TARGETED_DEVICE_FAMILY = "1,2";
			};
			name = Release;
		};
/* End XCBuildConfiguration section */

/* Begin XCConfigurationList section */
		BEBA399220A4BC7500E2D0CA /* Build configuration list for PBXProject "RealmToDo" */ = {
			isa = XCConfigurationList;
			buildConfigurations = (
				BEBA39A720A4BC7800E2D0CA /* Debug */,
				BEBA39A820A4BC7800E2D0CA /* Release */,
			);
			defaultConfigurationIsVisible = 0;
			defaultConfigurationName = Release;
		};
		BEBA39A920A4BC7800E2D0CA /* Build configuration list for PBXNativeTarget "RealmToDo" */ = {
			isa = XCConfigurationList;
			buildConfigurations = (
				BEBA39AA20A4BC7800E2D0CA /* Debug */,
				BEBA39AB20A4BC7800E2D0CA /* Release */,
			);
			defaultConfigurationIsVisible = 0;
			defaultConfigurationName = Release;
		};
/* End XCConfigurationList section */
	};
	rootObject = BEBA398F20A4BC7500E2D0CA /* Project object */;
}
